
Microsoft Visual Studio Solution File, Format Version 12.00
# Visual Studio Version 16
VisualStudioVersion = 16.0.32228.343
MinimumVisualStudioVersion = 10.0.40219.1
Project("{FAE04EC0-301F-11D3-BF4B-00C04F79EFBC}") = "CRUD", "CRUD\CRUD.csproj", "{34AB6A43-8431-4AF6-A955-5C28B8E02B95}"
EndProject
Global
	GlobalSection(SolutionConfigurationPlatforms) = preSolution
		Debug|Any CPU = Debug|Any CPU
		Release|Any CPU = Release|Any CPU
	EndGlobalSection
	GlobalSection(ProjectConfigurationPlatforms) = postSolution
		{34AB6A43-8431-4AF6-A955-5C28B8E02B95}.Debug|Any CPU.ActiveCfg = Debug|Any CPU
		{34AB6A43-8431-4AF6-A955-5C28B8E02B95}.Debug|Any CPU.Build.0 = Debug|Any CPU
		{34AB6A43-8431-4AF6-A955-5C28B8E02B95}.Release|Any CPU.ActiveCfg = Release|Any CPU
		{34AB6A43-8431-4AF6-A955-5C28B8E02B95}.Release|Any CPU.Build.0 = Release|Any CPU
	EndGlobalSection
	GlobalSection(SolutionProperties) = preSolution
		HideSolutionNode = FALSE
	EndGlobalSection
	GlobalSection(ExtensibilityGlobals) = postSolution
		SolutionGuid = {36CEF201-C486-47A6-A808-AD2A91074451}
	EndGlobalSection
EndGlobal
